// !$*UTF8*$!
{
	archiveVersion = 1;
	classes = {
	};
	objectVersion = 50;
	objects = {

/* Begin PBXBuildFile section */
		17DF6EE92677410400E5202A /* AppDelegate.swift in Sources */ = {isa = PBXBuildFile; fileRef = 17DF6EE82677410400E5202A /* AppDelegate.swift */; };
		17DF6EEB2677410400E5202A /* ContentView.swift in Sources */ = {isa = PBXBuildFile; fileRef = 17DF6EEA2677410400E5202A /* ContentView.swift */; };
		17DF6EED2677410600E5202A /* Assets.xcassets in Resources */ = {isa = PBXBuildFile; fileRef = 17DF6EEC2677410600E5202A /* Assets.xcassets */; };
		17DF6EF02677410600E5202A /* Preview Assets.xcassets in Resources */ = {isa = PBXBuildFile; fileRef = 17DF6EEF2677410600E5202A /* Preview Assets.xcassets */; };
		17DF6EF32677410600E5202A /* Main.storyboard in Resources */ = {isa = PBXBuildFile; fileRef = 17DF6EF12677410600E5202A /* Main.storyboard */; };
		17DF6EFD2677419800E5202A /* TextView.swift in Sources */ = {isa = PBXBuildFile; fileRef = 17DF6EFC2677419800E5202A /* TextView.swift */; };
		17DF6F00267748FE00E5202A /* LineNumbers.swift in Sources */ = {isa = PBXBuildFile; fileRef = 17DF6EFF267748FE00E5202A /* LineNumbers.swift */; };
/* End PBXBuildFile section */

/* Begin PBXFileReference section */
		17DF6EE52677410400E5202A /* HtmlToSwim.app */ = {isa = PBXFileReference; explicitFileType = wrapper.application; includeInIndex = 0; path = HtmlToSwim.app; sourceTree = BUILT_PRODUCTS_DIR; };
		17DF6EE82677410400E5202A /* AppDelegate.swift */ = {isa = PBXFileReference; lastKnownFileType = sourcecode.swift; path = AppDelegate.swift; sourceTree = "<group>"; };
		17DF6EEA2677410400E5202A /* ContentView.swift */ = {isa = PBXFileReference; lastKnownFileType = sourcecode.swift; path = ContentView.swift; sourceTree = "<group>"; };
		17DF6EEC2677410600E5202A /* Assets.xcassets */ = {isa = PBXFileReference; lastKnownFileType = folder.assetcatalog; path = Assets.xcassets; sourceTree = "<group>"; };
		17DF6EEF2677410600E5202A /* Preview Assets.xcassets */ = {isa = PBXFileReference; lastKnownFileType = folder.assetcatalog; path = "Preview Assets.xcassets"; sourceTree = "<group>"; };
		17DF6EF22677410600E5202A /* Base */ = {isa = PBXFileReference; lastKnownFileType = file.storyboard; name = Base; path = Base.lproj/Main.storyboard; sourceTree = "<group>"; };
		17DF6EF42677410600E5202A /* Info.plist */ = {isa = PBXFileReference; lastKnownFileType = text.plist.xml; path = Info.plist; sourceTree = "<group>"; };
		17DF6EF52677410600E5202A /* HtmlToSwim.entitlements */ = {isa = PBXFileReference; lastKnownFileType = text.plist.entitlements; path = HtmlToSwim.entitlements; sourceTree = "<group>"; };
		17DF6EFC2677419800E5202A /* TextView.swift */ = {isa = PBXFileReference; lastKnownFileType = sourcecode.swift; path = TextView.swift; sourceTree = "<group>"; };
		17DF6EFF267748FE00E5202A /* LineNumbers.swift */ = {isa = PBXFileReference; lastKnownFileType = sourcecode.swift; path = LineNumbers.swift; sourceTree = "<group>"; };
/* End PBXFileReference section */

/* Begin PBXFrameworksBuildPhase section */
		17DF6EE22677410400E5202A /* Frameworks */ = {
			isa = PBXFrameworksBuildPhase;
			buildActionMask = 2147483647;
			files = (
			);
			runOnlyForDeploymentPostprocessing = 0;
		};
/* End PBXFrameworksBuildPhase section */

/* Begin PBXGroup section */
		17DF6EDC2677410400E5202A = {
			isa = PBXGroup;
			children = (
				17DF6EE72677410400E5202A /* HtmlToSwim */,
				17DF6EE62677410400E5202A /* Products */,
			);
			sourceTree = "<group>";
		};
		17DF6EE62677410400E5202A /* Products */ = {
			isa = PBXGroup;
			children = (
				17DF6EE52677410400E5202A /* HtmlToSwim.app */,
			);
			name = Products;
			sourceTree = "<group>";
		};
		17DF6EE72677410400E5202A /* HtmlToSwim */ = {
			isa = PBXGroup;
			children = (
				17DF6EE82677410400E5202A /* AppDelegate.swift */,
				17DF6EEA2677410400E5202A /* ContentView.swift */,
				17DF6EFC2677419800E5202A /* TextView.swift */,
				17DF6EFF267748FE00E5202A /* LineNumbers.swift */,
				17DF6EEC2677410600E5202A /* Assets.xcassets */,
				17DF6EF12677410600E5202A /* Main.storyboard */,
				17DF6EF42677410600E5202A /* Info.plist */,
				17DF6EF52677410600E5202A /* HtmlToSwim.entitlements */,
				17DF6EEE2677410600E5202A /* Preview Content */,
			);
			path = HtmlToSwim;
			sourceTree = "<group>";
		};
		17DF6EEE2677410600E5202A /* Preview Content */ = {
			isa = PBXGroup;
			children = (
				17DF6EEF2677410600E5202A /* Preview Assets.xcassets */,
			);
			path = "Preview Content";
			sourceTree = "<group>";
		};
/* End PBXGroup section */

/* Begin PBXNativeTarget section */
		17DF6EE42677410400E5202A /* HtmlToSwim */ = {
			isa = PBXNativeTarget;
			buildConfigurationList = 17DF6EF82677410600E5202A /* Build configuration list for PBXNativeTarget "HtmlToSwim" */;
			buildPhases = (
				17DF6EE12677410400E5202A /* Sources */,
				17DF6EE22677410400E5202A /* Frameworks */,
				17DF6EE32677410400E5202A /* Resources */,
			);
			buildRules = (
			);
			dependencies = (
			);
			name = HtmlToSwim;
			productName = HtmlToSwim;
			productReference = 17DF6EE52677410400E5202A /* HtmlToSwim.app */;
			productType = "com.apple.product-type.application";
		};
/* End PBXNativeTarget section */

/* Begin PBXProject section */
		17DF6EDD2677410400E5202A /* Project object */ = {
			isa = PBXProject;
			attributes = {
				LastSwiftUpdateCheck = 1240;
				LastUpgradeCheck = 1240;
				TargetAttributes = {
					17DF6EE42677410400E5202A = {
						CreatedOnToolsVersion = 12.4;
					};
				};
			};
			buildConfigurationList = 17DF6EE02677410400E5202A /* Build configuration list for PBXProject "HtmlToSwim" */;
			compatibilityVersion = "Xcode 9.3";
			developmentRegion = en;
			hasScannedForEncodings = 0;
			knownRegions = (
				en,
				Base,
			);
			mainGroup = 17DF6EDC2677410400E5202A;
			productRefGroup = 17DF6EE62677410400E5202A /* Products */;
			projectDirPath = "";
			projectRoot = "";
			targets = (
				17DF6EE42677410400E5202A /* HtmlToSwim */,
			);
		};
/* End PBXProject section */

/* Begin PBXResourcesBuildPhase section */
		17DF6EE32677410400E5202A /* Resources */ = {
			isa = PBXResourcesBuildPhase;
			buildActionMask = 2147483647;
			files = (
				17DF6EF32677410600E5202A /* Main.storyboard in Resources */,
				17DF6EF02677410600E5202A /* Preview Assets.xcassets in Resources */,
				17DF6EED2677410600E5202A /* Assets.xcassets in Resources */,
			);
			runOnlyForDeploymentPostprocessing = 0;
		};
/* End PBXResourcesBuildPhase section */

/* Begin PBXSourcesBuildPhase section */
		17DF6EE12677410400E5202A /* Sources */ = {
			isa = PBXSourcesBuildPhase;
			buildActionMask = 2147483647;
			files = (
				17DF6F00267748FE00E5202A /* LineNumbers.swift in Sources */,
				17DF6EFD2677419800E5202A /* TextView.swift in Sources */,
				17DF6EEB2677410400E5202A /* ContentView.swift in Sources */,
				17DF6EE92677410400E5202A /* AppDelegate.swift in Sources */,
			);
			runOnlyForDeploymentPostprocessing = 0;
		};
/* End PBXSourcesBuildPhase section */

/* Begin PBXVariantGroup section */
		17DF6EF12677410600E5202A /* Main.storyboard */ = {
			isa = PBXVariantGroup;
			children = (
				17DF6EF22677410600E5202A /* Base */,
			);
			name = Main.storyboard;
			sourceTree = "<group>";
		};
/* End PBXVariantGroup section */

/* Begin XCBuildConfiguration section */
		17DF6EF62677410600E5202A /* Debug */ = {
			isa = XCBuildConfiguration;
			buildSettings = {
				ALWAYS_SEARCH_USER_PATHS = NO;
				CLANG_ANALYZER_NONNULL = YES;
				CLANG_ANALYZER_NUMBER_OBJECT_CONVERSION = YES_AGGRESSIVE;
				CLANG_CXX_LANGUAGE_STANDARD = "gnu++14";
				CLANG_CXX_LIBRARY = "libc++";
				CLANG_ENABLE_MODULES = YES;
				CLANG_ENABLE_OBJC_ARC = YES;
				CLANG_ENABLE_OBJC_WEAK = YES;
				CLANG_WARN_BLOCK_CAPTURE_AUTORELEASING = YES;
				CLANG_WARN_BOOL_CONVERSION = YES;
				CLANG_WARN_COMMA = YES;
				CLANG_WARN_CONSTANT_CONVERSION = YES;
				CLANG_WARN_DEPRECATED_OBJC_IMPLEMENTATIONS = YES;
				CLANG_WARN_DIRECT_OBJC_ISA_USAGE = YES_ERROR;
				CLANG_WARN_DOCUMENTATION_COMMENTS = YES;
				CLANG_WARN_EMPTY_BODY = YES;
				CLANG_WARN_ENUM_CONVERSION = YES;
				CLANG_WARN_INFINITE_RECURSION = YES;
				CLANG_WARN_INT_CONVERSION = YES;
				CLANG_WARN_NON_LITERAL_NULL_CONVERSION = YES;
				CLANG_WARN_OBJC_IMPLICIT_RETAIN_SELF = YES;
				CLANG_WARN_OBJC_LITERAL_CONVERSION = YES;
				CLANG_WARN_OBJC_ROOT_CLASS = YES_ERROR;
				CLANG_WARN_QUOTED_INCLUDE_IN_FRAMEWORK_HEADER = YES;
				CLANG_WARN_RANGE_LOOP_ANALYSIS = YES;
				CLANG_WARN_STRICT_PROTOTYPES = YES;
				CLANG_WARN_SUSPICIOUS_MOVE = YES;
				CLANG_WARN_UNGUARDED_AVAILABILITY = YES_AGGRESSIVE;
				CLANG_WARN_UNREACHABLE_CODE = YES;
				CLANG_WARN__DUPLICATE_METHOD_MATCH = YES;
				COPY_PHASE_STRIP = NO;
				DEBUG_INFORMATION_FORMAT = dwarf;
				ENABLE_STRICT_OBJC_MSGSEND = YES;
				ENABLE_TESTABILITY = YES;
				GCC_C_LANGUAGE_STANDARD = gnu11;
				GCC_DYNAMIC_NO_PIC = NO;
				GCC_NO_COMMON_BLOCKS = YES;
				GCC_OPTIMIZATION_LEVEL = 0;
				GCC_PREPROCESSOR_DEFINITIONS = (
					"DEBUG=1",
					"$(inherited)",
				);
				GCC_WARN_64_TO_32_BIT_CONVERSION = YES;
				GCC_WARN_ABOUT_RETURN_TYPE = YES_ERROR;
				GCC_WARN_UNDECLARED_SELECTOR = YES;
				GCC_WARN_UNINITIALIZED_AUTOS = YES_AGGRESSIVE;
				GCC_WARN_UNUSED_FUNCTION = YES;
				GCC_WARN_UNUSED_VARIABLE = YES;
				MACOSX_DEPLOYMENT_TARGET = 10.15;
				MTL_ENABLE_DEBUG_INFO = INCLUDE_SOURCE;
				MTL_FAST_MATH = YES;
				ONLY_ACTIVE_ARCH = YES;
				SDKROOT = macosx;
				SWIFT_ACTIVE_COMPILATION_CONDITIONS = DEBUG;
				SWIFT_OPTIMIZATION_LEVEL = "-Onone";
			};
			name = Debug;
		};
		17DF6EF72677410600E5202A /* Release */ = {
			isa = XCBuildConfiguration;
			buildSettings = {
				ALWAYS_SEARCH_USER_PATHS = NO;
				CLANG_ANALYZER_NONNULL = YES;
				CLANG_ANALYZER_NUMBER_OBJECT_CONVERSION = YES_AGGRESSIVE;
				CLANG_CXX_LANGUAGE_STANDARD = "gnu++14";
				CLANG_CXX_LIBRARY = "libc++";
				CLANG_ENABLE_MODULES = YES;
				CLANG_ENABLE_OBJC_ARC = YES;
				CLANG_ENABLE_OBJC_WEAK = YES;
				CLANG_WARN_BLOCK_CAPTURE_AUTORELEASING = YES;
				CLANG_WARN_BOOL_CONVERSION = YES;
				CLANG_WARN_COMMA = YES;
				CLANG_WARN_CONSTANT_CONVERSION = YES;
				CLANG_WARN_DEPRECATED_OBJC_IMPLEMENTATIONS = YES;
				CLANG_WARN_DIRECT_OBJC_ISA_USAGE = YES_ERROR;
				CLANG_WARN_DOCUMENTATION_COMMENTS = YES;
				CLANG_WARN_EMPTY_BODY = YES;
				CLANG_WARN_ENUM_CONVERSION = YES;
				CLANG_WARN_INFINITE_RECURSION = YES;
				CLANG_WARN_INT_CONVERSION = YES;
				CLANG_WARN_NON_LITERAL_NULL_CONVERSION = YES;
				CLANG_WARN_OBJC_IMPLICIT_RETAIN_SELF = YES;
				CLANG_WARN_OBJC_LITERAL_CONVERSION = YES;
				CLANG_WARN_OBJC_ROOT_CLASS = YES_ERROR;
				CLANG_WARN_QUOTED_INCLUDE_IN_FRAMEWORK_HEADER = YES;
				CLANG_WARN_RANGE_LOOP_ANALYSIS = YES;
				CLANG_WARN_STRICT_PROTOTYPES = YES;
				CLANG_WARN_SUSPICIOUS_MOVE = YES;
				CLANG_WARN_UNGUARDED_AVAILABILITY = YES_AGGRESSIVE;
				CLANG_WARN_UNREACHABLE_CODE = YES;
				CLANG_WARN__DUPLICATE_METHOD_MATCH = YES;
				COPY_PHASE_STRIP = NO;
				DEBUG_INFORMATION_FORMAT = "dwarf-with-dsym";
				ENABLE_NS_ASSERTIONS = NO;
				ENABLE_STRICT_OBJC_MSGSEND = YES;
				GCC_C_LANGUAGE_STANDARD = gnu11;
				GCC_NO_COMMON_BLOCKS = YES;
				GCC_WARN_64_TO_32_BIT_CONVERSION = YES;
				GCC_WARN_ABOUT_RETURN_TYPE = YES_ERROR;
				GCC_WARN_UNDECLARED_SELECTOR = YES;
				GCC_WARN_UNINITIALIZED_AUTOS = YES_AGGRESSIVE;
				GCC_WARN_UNUSED_FUNCTION = YES;
				GCC_WARN_UNUSED_VARIABLE = YES;
				MACOSX_DEPLOYMENT_TARGET = 10.15;
				MTL_ENABLE_DEBUG_INFO = NO;
				MTL_FAST_MATH = YES;
				SDKROOT = macosx;
				SWIFT_COMPILATION_MODE = wholemodule;
				SWIFT_OPTIMIZATION_LEVEL = "-O";
			};
			name = Release;
		};
		17DF6EF92677410600E5202A /* Debug */ = {
			isa = XCBuildConfiguration;
			buildSettings = {
				ASSETCATALOG_COMPILER_APPICON_NAME = AppIcon;
				ASSETCATALOG_COMPILER_GLOBAL_ACCENT_COLOR_NAME = AccentColor;
				CODE_SIGN_ENTITLEMENTS = HtmlToSwim/HtmlToSwim.entitlements;
				CODE_SIGN_STYLE = Automatic;
				COMBINE_HIDPI_IMAGES = YES;
				DEVELOPMENT_ASSET_PATHS = "\"HtmlToSwim/Preview Content\"";
				ENABLE_PREVIEWS = YES;
				INFOPLIST_FILE = HtmlToSwim/Info.plist;
				LD_RUNPATH_SEARCH_PATHS = (
					"$(inherited)",
					"@executable_path/../Frameworks",
				);
				MACOSX_DEPLOYMENT_TARGET = 10.15;
				PRODUCT_BUNDLE_IDENTIFIER = io.objc.HtmlToSwim;
				PRODUCT_NAME = "$(TARGET_NAME)";
				SWIFT_VERSION = 5.0;
			};
			name = Debug;
		};
		17DF6EFA2677410600E5202A /* Release */ = {
			isa = XCBuildConfiguration;
			buildSettings = {
				ASSETCATALOG_COMPILER_APPICON_NAME = AppIcon;
				ASSETCATALOG_COMPILER_GLOBAL_ACCENT_COLOR_NAME = AccentColor;
				CODE_SIGN_ENTITLEMENTS = HtmlToSwim/HtmlToSwim.entitlements;
				CODE_SIGN_STYLE = Automatic;
				COMBINE_HIDPI_IMAGES = YES;
				DEVELOPMENT_ASSET_PATHS = "\"HtmlToSwim/Preview Content\"";
				ENABLE_PREVIEWS = YES;
				INFOPLIST_FILE = HtmlToSwim/Info.plist;
				LD_RUNPATH_SEARCH_PATHS = (
					"$(inherited)",
					"@executable_path/../Frameworks",
				);
				MACOSX_DEPLOYMENT_TARGET = 10.15;
				PRODUCT_BUNDLE_IDENTIFIER = io.objc.HtmlToSwim;
				PRODUCT_NAME = "$(TARGET_NAME)";
				SWIFT_VERSION = 5.0;
			};
			name = Release;
		};
/* End XCBuildConfiguration section */

/* Begin XCConfigurationList section */
		17DF6EE02677410400E5202A /* Build configuration list for PBXProject "HtmlToSwim" */ = {
			isa = XCConfigurationList;
			buildConfigurations = (
				17DF6EF62677410600E5202A /* Debug */,
				17DF6EF72677410600E5202A /* Release */,
			);
			defaultConfigurationIsVisible = 0;
			defaultConfigurationName = Release;
		};
		17DF6EF82677410600E5202A /* Build configuration list for PBXNativeTarget "HtmlToSwim" */ = {
			isa = XCConfigurationList;
			buildConfigurations = (
				17DF6EF92677410600E5202A /* Debug */,
				17DF6EFA2677410600E5202A /* Release */,
			);
			defaultConfigurationIsVisible = 0;
			defaultConfigurationName = Release;
		};
/* End XCConfigurationList section */
	};
	rootObject = 17DF6EDD2677410400E5202A /* Project object */;
}
